// !$*UTF8*$!
{
	archiveVersion = 1;
	classes = {
	};
	objectVersion = 50;
	objects = {

/* Begin PBXBuildFile section */
		A0CD098222FBF54A00C45641 /* AppDelegate.swift in Sources */ = {isa = PBXBuildFile; fileRef = A0CD098122FBF54A00C45641 /* AppDelegate.swift */; };
		A0CD098722FBF54A00C45641 /* Main.storyboard in Resources */ = {isa = PBXBuildFile; fileRef = A0CD098522FBF54A00C45641 /* Main.storyboard */; };
		A0CD098922FBF54B00C45641 /* Assets.xcassets in Resources */ = {isa = PBXBuildFile; fileRef = A0CD098822FBF54B00C45641 /* Assets.xcassets */; };
		A0CD098C22FBF54B00C45641 /* LaunchScreen.storyboard in Resources */ = {isa = PBXBuildFile; fileRef = A0CD098A22FBF54B00C45641 /* LaunchScreen.storyboard */; };
		A0CD099422FBF6FD00C45641 /* PersonListViewController.swift in Sources */ = {isa = PBXBuildFile; fileRef = A0CD099322FBF6FD00C45641 /* PersonListViewController.swift */; };
		A0CD099622FC239D00C45641 /* DetailViewController.swift in Sources */ = {isa = PBXBuildFile; fileRef = A0CD099522FC239D00C45641 /* DetailViewController.swift */; };
/* End PBXBuildFile section */

/* Begin PBXFileReference section */
		A0CD097E22FBF54A00C45641 /* PersonListApp.app */ = {isa = PBXFileReference; explicitFileType = wrapper.application; includeInIndex = 0; path = PersonListApp.app; sourceTree = BUILT_PRODUCTS_DIR; };
		A0CD098122FBF54A00C45641 /* AppDelegate.swift */ = {isa = PBXFileReference; lastKnownFileType = sourcecode.swift; path = AppDelegate.swift; sourceTree = "<group>"; };
		A0CD098622FBF54A00C45641 /* Base */ = {isa = PBXFileReference; lastKnownFileType = file.storyboard; name = Base; path = Base.lproj/Main.storyboard; sourceTree = "<group>"; };
		A0CD098822FBF54B00C45641 /* Assets.xcassets */ = {isa = PBXFileReference; lastKnownFileType = folder.assetcatalog; path = Assets.xcassets; sourceTree = "<group>"; };
		A0CD098B22FBF54B00C45641 /* Base */ = {isa = PBXFileReference; lastKnownFileType = file.storyboard; name = Base; path = Base.lproj/LaunchScreen.storyboard; sourceTree = "<group>"; };
		A0CD098D22FBF54B00C45641 /* Info.plist */ = {isa = PBXFileReference; lastKnownFileType = text.plist.xml; path = Info.plist; sourceTree = "<group>"; };
		A0CD099322FBF6FD00C45641 /* PersonListViewController.swift */ = {isa = PBXFileReference; lastKnownFileType = sourcecode.swift; path = PersonListViewController.swift; sourceTree = "<group>"; };
		A0CD099522FC239D00C45641 /* DetailViewController.swift */ = {isa = PBXFileReference; lastKnownFileType = sourcecode.swift; path = DetailViewController.swift; sourceTree = "<group>"; };
/* End PBXFileReference section */

/* Begin PBXFrameworksBuildPhase section */
		A0CD097B22FBF54A00C45641 /* Frameworks */ = {
			isa = PBXFrameworksBuildPhase;
			buildActionMask = 2147483647;
			files = (
			);
			runOnlyForDeploymentPostprocessing = 0;
		};
/* End PBXFrameworksBuildPhase section */

/* Begin PBXGroup section */
		A0CD097522FBF54A00C45641 = {
			isa = PBXGroup;
			children = (
				A0CD098022FBF54A00C45641 /* PersonListApp */,
				A0CD097F22FBF54A00C45641 /* Products */,
			);
			sourceTree = "<group>";
		};
		A0CD097F22FBF54A00C45641 /* Products */ = {
			isa = PBXGroup;
			children = (
				A0CD097E22FBF54A00C45641 /* PersonListApp.app */,
			);
			name = Products;
			sourceTree = "<group>";
		};
		A0CD098022FBF54A00C45641 /* PersonListApp */ = {
			isa = PBXGroup;
			children = (
				A0CD098122FBF54A00C45641 /* AppDelegate.swift */,
				A0CD098522FBF54A00C45641 /* Main.storyboard */,
				A0CD098822FBF54B00C45641 /* Assets.xcassets */,
				A0CD098A22FBF54B00C45641 /* LaunchScreen.storyboard */,
				A0CD098D22FBF54B00C45641 /* Info.plist */,
				A0CD099322FBF6FD00C45641 /* PersonListViewController.swift */,
				A0CD099522FC239D00C45641 /* DetailViewController.swift */,
			);
			path = PersonListApp;
			sourceTree = "<group>";
		};
/* End PBXGroup section */

/* Begin PBXNativeTarget section */
		A0CD097D22FBF54A00C45641 /* PersonListApp */ = {
			isa = PBXNativeTarget;
			buildConfigurationList = A0CD099022FBF54B00C45641 /* Build configuration list for PBXNativeTarget "PersonListApp" */;
			buildPhases = (
				A0CD097A22FBF54A00C45641 /* Sources */,
				A0CD097B22FBF54A00C45641 /* Frameworks */,
				A0CD097C22FBF54A00C45641 /* Resources */,
			);
			buildRules = (
			);
			dependencies = (
			);
			name = PersonListApp;
			productName = PersonListApp;
			productReference = A0CD097E22FBF54A00C45641 /* PersonListApp.app */;
			productType = "com.apple.product-type.application";
		};
/* End PBXNativeTarget section */

/* Begin PBXProject section */
		A0CD097622FBF54A00C45641 /* Project object */ = {
			isa = PBXProject;
			attributes = {
				LastSwiftUpdateCheck = 1030;
				LastUpgradeCheck = 1030;
				ORGANIZATIONNAME = heif_team;
				TargetAttributes = {
					A0CD097D22FBF54A00C45641 = {
						CreatedOnToolsVersion = 10.3;
					};
				};
			};
			buildConfigurationList = A0CD097922FBF54A00C45641 /* Build configuration list for PBXProject "PersonListApp" */;
			compatibilityVersion = "Xcode 9.3";
			developmentRegion = en;
			hasScannedForEncodings = 0;
			knownRegions = (
				en,
				Base,
			);
			mainGroup = A0CD097522FBF54A00C45641;
			productRefGroup = A0CD097F22FBF54A00C45641 /* Products */;
			projectDirPath = "";
			projectRoot = "";
			targets = (
				A0CD097D22FBF54A00C45641 /* PersonListApp */,
			);
		};
/* End PBXProject section */

/* Begin PBXResourcesBuildPhase section */
		A0CD097C22FBF54A00C45641 /* Resources */ = {
			isa = PBXResourcesBuildPhase;
			buildActionMask = 2147483647;
			files = (
				A0CD098C22FBF54B00C45641 /* LaunchScreen.storyboard in Resources */,
				A0CD098922FBF54B00C45641 /* Assets.xcassets in Resources */,
				A0CD098722FBF54A00C45641 /* Main.storyboard in Resources */,
			);
			runOnlyForDeploymentPostprocessing = 0;
		};
/* End PBXResourcesBuildPhase section */

/* Begin PBXSourcesBuildPhase section */
		A0CD097A22FBF54A00C45641 /* Sources */ = {
			isa = PBXSourcesBuildPhase;
			buildActionMask = 2147483647;
			files = (
				A0CD099622FC239D00C45641 /* DetailViewController.swift in Sources */,
				A0CD098222FBF54A00C45641 /* AppDelegate.swift in Sources */,
				A0CD099422FBF6FD00C45641 /* PersonListViewController.swift in Sources */,
			);
			runOnlyForDeploymentPostprocessing = 0;
		};
/* End PBXSourcesBuildPhase section */

/* Begin PBXVariantGroup section */
		A0CD098522FBF54A00C45641 /* Main.storyboard */ = {
			isa = PBXVariantGroup;
			children = (
				A0CD098622FBF54A00C45641 /* Base */,
			);
			name = Main.storyboard;
			sourceTree = "<group>";
		};
		A0CD098A22FBF54B00C45641 /* LaunchScreen.storyboard */ = {
			isa = PBXVariantGroup;
			children = (
				A0CD098B22FBF54B00C45641 /* Base */,
			);
			name = LaunchScreen.storyboard;
			sourceTree = "<group>";
		};
/* End PBXVariantGroup section */

/* Begin XCBuildConfiguration section */
		A0CD098E22FBF54B00C45641 /* Debug */ = {
			isa = XCBuildConfiguration;
			buildSettings = {
				ALWAYS_SEARCH_USER_PATHS = NO;
				CLANG_ANALYZER_NONNULL = YES;
				CLANG_ANALYZER_NUMBER_OBJECT_CONVERSION = YES_AGGRESSIVE;
				CLANG_CXX_LANGUAGE_STANDARD = "gnu++14";
				CLANG_CXX_LIBRARY = "libc++";
				CLANG_ENABLE_MODULES = YES;
				CLANG_ENABLE_OBJC_ARC = YES;
				CLANG_ENABLE_OBJC_WEAK = YES;
				CLANG_WARN_BLOCK_CAPTURE_AUTORELEASING = YES;
				CLANG_WARN_BOOL_CONVERSION = YES;
				CLANG_WARN_COMMA = YES;
				CLANG_WARN_CONSTANT_CONVERSION = YES;
				CLANG_WARN_DEPRECATED_OBJC_IMPLEMENTATIONS = YES;
				CLANG_WARN_DIRECT_OBJC_ISA_USAGE = YES_ERROR;
				CLANG_WARN_DOCUMENTATION_COMMENTS = YES;
				CLANG_WARN_EMPTY_BODY = YES;
				CLANG_WARN_ENUM_CONVERSION = YES;
				CLANG_WARN_INFINITE_RECURSION = YES;
				CLANG_WARN_INT_CONVERSION = YES;
				CLANG_WARN_NON_LITERAL_NULL_CONVERSION = YES;
				CLANG_WARN_OBJC_IMPLICIT_RETAIN_SELF = YES;
				CLANG_WARN_OBJC_LITERAL_CONVERSION = YES;
				CLANG_WARN_OBJC_ROOT_CLASS = YES_ERROR;
				CLANG_WARN_RANGE_LOOP_ANALYSIS = YES;
				CLANG_WARN_STRICT_PROTOTYPES = YES;
				CLANG_WARN_SUSPICIOUS_MOVE = YES;
				CLANG_WARN_UNGUARDED_AVAILABILITY = YES_AGGRESSIVE;
				CLANG_WARN_UNREACHABLE_CODE = YES;
				CLANG_WARN__DUPLICATE_METHOD_MATCH = YES;
				CODE_SIGN_IDENTITY = "iPhone Developer";
				COPY_PHASE_STRIP = NO;
				DEBUG_INFORMATION_FORMAT = dwarf;
				ENABLE_STRICT_OBJC_MSGSEND = YES;
				ENABLE_TESTABILITY = YES;
				GCC_C_LANGUAGE_STANDARD = gnu11;
				GCC_DYNAMIC_NO_PIC = NO;
				GCC_NO_COMMON_BLOCKS = YES;
				GCC_OPTIMIZATION_LEVEL = 0;
				GCC_PREPROCESSOR_DEFINITIONS = (
					"DEBUG=1",
					"$(inherited)",
				);
				GCC_WARN_64_TO_32_BIT_CONVERSION = YES;
				GCC_WARN_ABOUT_RETURN_TYPE = YES_ERROR;
				GCC_WARN_UNDECLARED_SELECTOR = YES;
				GCC_WARN_UNINITIALIZED_AUTOS = YES_AGGRESSIVE;
				GCC_WARN_UNUSED_FUNCTION = YES;
				GCC_WARN_UNUSED_VARIABLE = YES;
				IPHONEOS_DEPLOYMENT_TARGET = 12.4;
				MTL_ENABLE_DEBUG_INFO = INCLUDE_SOURCE;
				MTL_FAST_MATH = YES;
				ONLY_ACTIVE_ARCH = YES;
				SDKROOT = iphoneos;
				SWIFT_ACTIVE_COMPILATION_CONDITIONS = DEBUG;
				SWIFT_OPTIMIZATION_LEVEL = "-Onone";
			};
			name = Debug;
		};
		A0CD098F22FBF54B00C45641 /* Release */ = {
			isa = XCBuildConfiguration;
			buildSettings = {
				ALWAYS_SEARCH_USER_PATHS = NO;
				CLANG_ANALYZER_NONNULL = YES;
				CLANG_ANALYZER_NUMBER_OBJECT_CONVERSION = YES_AGGRESSIVE;
				CLANG_CXX_LANGUAGE_STANDARD = "gnu++14";
				CLANG_CXX_LIBRARY = "libc++";
				CLANG_ENABLE_MODULES = YES;
				CLANG_ENABLE_OBJC_ARC = YES;
				CLANG_ENABLE_OBJC_WEAK = YES;
				CLANG_WARN_BLOCK_CAPTURE_AUTORELEASING = YES;
				CLANG_WARN_BOOL_CONVERSION = YES;
				CLANG_WARN_COMMA = YES;
				CLANG_WARN_CONSTANT_CONVERSION = YES;
				CLANG_WARN_DEPRECATED_OBJC_IMPLEMENTATIONS = YES;
				CLANG_WARN_DIRECT_OBJC_ISA_USAGE = YES_ERROR;
				CLANG_WARN_DOCUMENTATION_COMMENTS = YES;
				CLANG_WARN_EMPTY_BODY = YES;
				CLANG_WARN_ENUM_CONVERSION = YES;
				CLANG_WARN_INFINITE_RECURSION = YES;
				CLANG_WARN_INT_CONVERSION = YES;
				CLANG_WARN_NON_LITERAL_NULL_CONVERSION = YES;
				CLANG_WARN_OBJC_IMPLICIT_RETAIN_SELF = YES;
				CLANG_WARN_OBJC_LITERAL_CONVERSION = YES;
				CLANG_WARN_OBJC_ROOT_CLASS = YES_ERROR;
				CLANG_WARN_RANGE_LOOP_ANALYSIS = YES;
				CLANG_WARN_STRICT_PROTOTYPES = YES;
				CLANG_WARN_SUSPICIOUS_MOVE = YES;
				CLANG_WARN_UNGUARDED_AVAILABILITY = YES_AGGRESSIVE;
				CLANG_WARN_UNREACHABLE_CODE = YES;
				CLANG_WARN__DUPLICATE_METHOD_MATCH = YES;
				CODE_SIGN_IDENTITY = "iPhone Developer";
				COPY_PHASE_STRIP = NO;
				DEBUG_INFORMATION_FORMAT = "dwarf-with-dsym";
				ENABLE_NS_ASSERTIONS = NO;
				ENABLE_STRICT_OBJC_MSGSEND = YES;
				GCC_C_LANGUAGE_STANDARD = gnu11;
				GCC_NO_COMMON_BLOCKS = YES;
				GCC_WARN_64_TO_32_BIT_CONVERSION = YES;
				GCC_WARN_ABOUT_RETURN_TYPE = YES_ERROR;
				GCC_WARN_UNDECLARED_SELECTOR = YES;
				GCC_WARN_UNINITIALIZED_AUTOS = YES_AGGRESSIVE;
				GCC_WARN_UNUSED_FUNCTION = YES;
				GCC_WARN_UNUSED_VARIABLE = YES;
				IPHONEOS_DEPLOYMENT_TARGET = 12.4;
				MTL_ENABLE_DEBUG_INFO = NO;
				MTL_FAST_MATH = YES;
				SDKROOT = iphoneos;
				SWIFT_COMPILATION_MODE = wholemodule;
				SWIFT_OPTIMIZATION_LEVEL = "-O";
				VALIDATE_PRODUCT = YES;
			};
			name = Release;
		};
		A0CD099122FBF54B00C45641 /* Debug */ = {
			isa = XCBuildConfiguration;
			buildSettings = {
				ASSETCATALOG_COMPILER_APPICON_NAME = AppIcon;
				CODE_SIGN_STYLE = Automatic;
				DEVELOPMENT_TEAM = T73YVX6576;
				INFOPLIST_FILE = PersonListApp/Info.plist;
				LD_RUNPATH_SEARCH_PATHS = (
					"$(inherited)",
					"@executable_path/Frameworks",
				);
				PRODUCT_BUNDLE_IDENTIFIER = ru.heif.PersonListApp;
				PRODUCT_NAME = "$(TARGET_NAME)";
				SWIFT_VERSION = 5.0;
				TARGETED_DEVICE_FAMILY = "1,2";
			};
			name = Debug;
		};
		A0CD099222FBF54B00C45641 /* Release */ = {
			isa = XCBuildConfiguration;
			buildSettings = {
				ASSETCATALOG_COMPILER_APPICON_NAME = AppIcon;
				CODE_SIGN_STYLE = Automatic;
				DEVELOPMENT_TEAM = T73YVX6576;
				INFOPLIST_FILE = PersonListApp/Info.plist;
				LD_RUNPATH_SEARCH_PATHS = (
					"$(inherited)",
					"@executable_path/Frameworks",
				);
				PRODUCT_BUNDLE_IDENTIFIER = ru.heif.PersonListApp;
				PRODUCT_NAME = "$(TARGET_NAME)";
				SWIFT_VERSION = 5.0;
				TARGETED_DEVICE_FAMILY = "1,2";
			};
			name = Release;
		};
/* End XCBuildConfiguration section */

/* Begin XCConfigurationList section */
		A0CD097922FBF54A00C45641 /* Build configuration list for PBXProject "PersonListApp" */ = {
			isa = XCConfigurationList;
			buildConfigurations = (
				A0CD098E22FBF54B00C45641 /* Debug */,
				A0CD098F22FBF54B00C45641 /* Release */,
			);
			defaultConfigurationIsVisible = 0;
			defaultConfigurationName = Release;
		};
		A0CD099022FBF54B00C45641 /* Build configuration list for PBXNativeTarget "PersonListApp" */ = {
			isa = XCConfigurationList;
			buildConfigurations = (
				A0CD099122FBF54B00C45641 /* Debug */,
				A0CD099222FBF54B00C45641 /* Release */,
			);
			defaultConfigurationIsVisible = 0;
			defaultConfigurationName = Release;
		};
/* End XCConfigurationList section */
	};
	rootObject = A0CD097622FBF54A00C45641 /* Project object */;
}
